
Microsoft Visual Studio Solution File, Format Version 12.00
# Visual Studio Version 16
VisualStudioVersion = 16.0.29926.136
MinimumVisualStudioVersion = 10.0.40219.1
Project("{FAE04EC0-301F-11D3-BF4B-00C04F79EFBC}") = "SortForm", "SortForm\SortForm.csproj", "{A2B5F295-8E20-496C-A121-6A58AE81CC09}"
EndProject
Global
	GlobalSection(SolutionConfigurationPlatforms) = preSolution
		Debug|Any CPU = Debug|Any CPU
		Release|Any CPU = Release|Any CPU
	EndGlobalSection
	GlobalSection(ProjectConfigurationPlatforms) = postSolution
		{A2B5F295-8E20-496C-A121-6A58AE81CC09}.Debug|Any CPU.ActiveCfg = Debug|Any CPU
		{A2B5F295-8E20-496C-A121-6A58AE81CC09}.Debug|Any CPU.Build.0 = Debug|Any CPU
		{A2B5F295-8E20-496C-A121-6A58AE81CC09}.Release|Any CPU.ActiveCfg = Release|Any CPU
		{A2B5F295-8E20-496C-A121-6A58AE81CC09}.Release|Any CPU.Build.0 = Release|Any CPU
	EndGlobalSection
	GlobalSection(SolutionProperties) = preSolution
		HideSolutionNode = FALSE
	EndGlobalSection
	GlobalSection(ExtensibilityGlobals) = postSolution
		SolutionGuid = {F7E73456-9AF8-4D73-AD3B-CB848D321155}
	EndGlobalSection
EndGlobal
